{
  "name": "zyra-app",
  "lockfileVersion": 3,
  "requires": true,
  "packages": {
    "": {
      "dependencies": {
        "groq-sdk": "^1.1.1"
      }
    },
    "node_modules/groq-sdk": {
      "version": "1.2.1",
      "resolved": "https://registry.npmjs.org/groq-sdk/-/groq-sdk-1.2.1.tgz",
      "integrity": "sha512-dsDSWJRJf+n2dPiCv7zU3IsJbrh7jfSPqi6vc1q0TTK1oUF6bn+wv4P2VFdynkHpuJ0TTJ57vlpT87judPgVPA==",
      "license": "Apache-2.0",
      "bin": {
        "groq-sdk": "bin/cli"
      }
    }
  }
}
