{
  "name": "zyra-app",
  "lockfileVersion": 3,
  "requires": true,
  "packages": {
    "": {
      "dependencies": {
        "groq-sdk": "^1.1.1"
      }
    },
    "node_modules/groq-sdk": {
      "version": "1.1.1",
      "resolved": "https://registry.npmjs.org/groq-sdk/-/groq-sdk-1.1.1.tgz",
      "integrity": "sha512-p0fb/sfrYfUDJf+b4s+ptV6XrQnY0gA0u2pbaH4E1l6yaeLCKtdX5OBhP/wXXBuKrSnU9w45RaFebfJDWxsXMw==",
      "license": "Apache-2.0",
      "bin": {
        "groq-sdk": "bin/cli"
      }
    }
  }
}
